
Microsoft Visual Studio Solution File, Format Version 12.00
# Visual Studio Version 16
VisualStudioVersion = 16.0.30011.22
MinimumVisualStudioVersion = 10.0.40219.1
Project("{FAE04EC0-301F-11D3-BF4B-00C04F79EFBC}") = "SudokuTest", "SudokuTest.csproj", "{D9214653-9BA2-4765-8420-EEE8BC35C12E}"
EndProject
Global
	GlobalSection(SolutionConfigurationPlatforms) = preSolution
		Debug|Any CPU = Debug|Any CPU
		Release|Any CPU = Release|Any CPU
	EndGlobalSection
	GlobalSection(ProjectConfigurationPlatforms) = postSolution
		{D9214653-9BA2-4765-8420-EEE8BC35C12E}.Debug|Any CPU.ActiveCfg = Debug|Any CPU
		{D9214653-9BA2-4765-8420-EEE8BC35C12E}.Debug|Any CPU.Build.0 = Debug|Any CPU
		{D9214653-9BA2-4765-8420-EEE8BC35C12E}.Release|Any CPU.ActiveCfg = Release|Any CPU
		{D9214653-9BA2-4765-8420-EEE8BC35C12E}.Release|Any CPU.Build.0 = Release|Any CPU
	EndGlobalSection
	GlobalSection(SolutionProperties) = preSolution
		HideSolutionNode = FALSE
	EndGlobalSection
	GlobalSection(ExtensibilityGlobals) = postSolution
		SolutionGuid = {9389AC44-B725-4DE8-B8C4-02142B97AEA3}
	EndGlobalSection
EndGlobal
